
Microsoft Visual Studio Solution File, Format Version 12.00
# Visual Studio Version 17
VisualStudioVersion = 17.6.33829.357
MinimumVisualStudioVersion = 10.0.40219.1
Project("{FAE04EC0-301F-11D3-BF4B-00C04F79EFBC}") = "WinForms", "WinForms.csproj", "{280DD0CB-6AF8-4418-A91E-82495ED0AF25}"
EndProject
Global
	GlobalSection(SolutionConfigurationPlatforms) = preSolution
		Debug|Any CPU = Debug|Any CPU
		Release|Any CPU = Release|Any CPU
	EndGlobalSection
	GlobalSection(ProjectConfigurationPlatforms) = postSolution
		{280DD0CB-6AF8-4418-A91E-82495ED0AF25}.Debug|Any CPU.ActiveCfg = Debug|Any CPU
		{280DD0CB-6AF8-4418-A91E-82495ED0AF25}.Debug|Any CPU.Build.0 = Debug|Any CPU
		{280DD0CB-6AF8-4418-A91E-82495ED0AF25}.Release|Any CPU.ActiveCfg = Release|Any CPU
		{280DD0CB-6AF8-4418-A91E-82495ED0AF25}.Release|Any CPU.Build.0 = Release|Any CPU
	EndGlobalSection
	GlobalSection(SolutionProperties) = preSolution
		HideSolutionNode = FALSE
	EndGlobalSection
	GlobalSection(ExtensibilityGlobals) = postSolution
		SolutionGuid = {5FFCDF43-97C7-4658-9553-53B4CA1012B7}
	EndGlobalSection
EndGlobal
