
Microsoft Visual Studio Solution File, Format Version 12.00
# Visual Studio Version 17
VisualStudioVersion = 17.6.33829.357
MinimumVisualStudioVersion = 10.0.40219.1
Project("{9A19103F-16F7-4668-BE54-9A1E7A4F7556}") = "WinForms", "WinForms.csproj", "{280DD0CB-6AF8-4418-A91E-82495ED0AF25}"
EndProject
Global
	GlobalSection(SolutionConfigurationPlatforms) = preSolution
		Debug|Any CPU = Debug|Any CPU
		Debug|ARM64 = Debug|ARM64
		Release|Any CPU = Release|Any CPU
		Release|ARM64 = Release|ARM64
	EndGlobalSection
	GlobalSection(ProjectConfigurationPlatforms) = postSolution
		{280DD0CB-6AF8-4418-A91E-82495ED0AF25}.Debug|Any CPU.ActiveCfg = Debug|Any CPU
		{280DD0CB-6AF8-4418-A91E-82495ED0AF25}.Debug|Any CPU.Build.0 = Debug|Any CPU
		{280DD0CB-6AF8-4418-A91E-82495ED0AF25}.Debug|ARM64.ActiveCfg = Debug|ARM64
		{280DD0CB-6AF8-4418-A91E-82495ED0AF25}.Debug|ARM64.Build.0 = Debug|ARM64
		{280DD0CB-6AF8-4418-A91E-82495ED0AF25}.Release|Any CPU.ActiveCfg = Release|Any CPU
		{280DD0CB-6AF8-4418-A91E-82495ED0AF25}.Release|Any CPU.Build.0 = Release|Any CPU
		{280DD0CB-6AF8-4418-A91E-82495ED0AF25}.Release|ARM64.ActiveCfg = Release|ARM64
		{280DD0CB-6AF8-4418-A91E-82495ED0AF25}.Release|ARM64.Build.0 = Release|ARM64
	EndGlobalSection
	GlobalSection(SolutionProperties) = preSolution
		HideSolutionNode = FALSE
	EndGlobalSection
	GlobalSection(ExtensibilityGlobals) = postSolution
		SolutionGuid = {5FFCDF43-97C7-4658-9553-53B4CA1012B7}
	EndGlobalSection
EndGlobal
